
Microsoft Visual Studio Solution File, Format Version 12.00
# Visual Studio Version 17
VisualStudioVersion = 17.3.32929.385
MinimumVisualStudioVersion = 10.0.40219.1
Project("{FAE04EC0-301F-11D3-BF4B-00C04F79EFBC}") = "MeSika.Web", "MeSika.Web\MeSika.Web.csproj", "{C506F12F-D649-40A6-BBBE-53AD620C1A4E}"
EndProject
Global
	GlobalSection(SolutionConfigurationPlatforms) = preSolution
		Debug|Any CPU = Debug|Any CPU
		Release|Any CPU = Release|Any CPU
	EndGlobalSection
	GlobalSection(ProjectConfigurationPlatforms) = postSolution
		{C506F12F-D649-40A6-BBBE-53AD620C1A4E}.Debug|Any CPU.ActiveCfg = Debug|Any CPU
		{C506F12F-D649-40A6-BBBE-53AD620C1A4E}.Debug|Any CPU.Build.0 = Debug|Any CPU
		{C506F12F-D649-40A6-BBBE-53AD620C1A4E}.Release|Any CPU.ActiveCfg = Release|Any CPU
		{C506F12F-D649-40A6-BBBE-53AD620C1A4E}.Release|Any CPU.Build.0 = Release|Any CPU
	EndGlobalSection
	GlobalSection(SolutionProperties) = preSolution
		HideSolutionNode = FALSE
	EndGlobalSection
	GlobalSection(ExtensibilityGlobals) = postSolution
		SolutionGuid = {20D700AB-D4DE-4CC1-B131-0FC04C763CFE}
	EndGlobalSection
EndGlobal
